
Microsoft Visual Studio Solution File, Format Version 12.00
# Visual Studio Version 17
VisualStudioVersion = 17.6.33829.357
MinimumVisualStudioVersion = 10.0.40219.1
Project("{FAE04EC0-301F-11D3-BF4B-00C04F79EFBC}") = "Editor", "Editor.csproj", "{C573A762-3AF9-4FD3-B00E-A9C072793D19}"
EndProject
Global
	GlobalSection(SolutionConfigurationPlatforms) = preSolution
		Debug|Any CPU = Debug|Any CPU
		NuGetRelease|Any CPU = NuGetRelease|Any CPU
		Release|Any CPU = Release|Any CPU
	EndGlobalSection
	GlobalSection(ProjectConfigurationPlatforms) = postSolution
		{C573A762-3AF9-4FD3-B00E-A9C072793D19}.Debug|Any CPU.ActiveCfg = Debug|Any CPU
		{C573A762-3AF9-4FD3-B00E-A9C072793D19}.Debug|Any CPU.Build.0 = Debug|Any CPU
		{C573A762-3AF9-4FD3-B00E-A9C072793D19}.NuGetRelease|Any CPU.ActiveCfg = Release|Any CPU
		{C573A762-3AF9-4FD3-B00E-A9C072793D19}.NuGetRelease|Any CPU.Build.0 = Release|Any CPU
		{C573A762-3AF9-4FD3-B00E-A9C072793D19}.Release|Any CPU.ActiveCfg = Release|Any CPU
		{C573A762-3AF9-4FD3-B00E-A9C072793D19}.Release|Any CPU.Build.0 = Release|Any CPU
	EndGlobalSection
	GlobalSection(SolutionProperties) = preSolution
		HideSolutionNode = FALSE
	EndGlobalSection
	GlobalSection(ExtensibilityGlobals) = postSolution
		SolutionGuid = {842333A8-EB53-417B-A378-2AE67099838A}
	EndGlobalSection
EndGlobal
