
Microsoft Visual Studio Solution File, Format Version 12.00
# Visual Studio Version 17
VisualStudioVersion = 17.6.33829.357
MinimumVisualStudioVersion = 10.0.40219.1
Project("{FAE04EC0-301F-11D3-BF4B-00C04F79EFBC}") = "MonoGame.Forms.DX", "MonoGame.Forms.DX\MonoGame.Forms.DX.csproj", "{C1FE2C42-5590-4202-ADC7-ECFF8FF404D7}"
EndProject
Project("{FAE04EC0-301F-11D3-BF4B-00C04F79EFBC}") = "MonoGame.Forms.Samples.DX", "MonoGame.Forms.Tests.DX\MonoGame.Forms.Samples.DX.csproj", "{9C7B2133-768B-4B3B-883B-9601B02100D6}"
EndProject
Global
	GlobalSection(SolutionConfigurationPlatforms) = preSolution
		Debug|Any CPU = Debug|Any CPU
		NuGetRelease|Any CPU = NuGetRelease|Any CPU
		Release|Any CPU = Release|Any CPU
	EndGlobalSection
	GlobalSection(ProjectConfigurationPlatforms) = postSolution
		{C1FE2C42-5590-4202-ADC7-ECFF8FF404D7}.Debug|Any CPU.ActiveCfg = Debug|Any CPU
		{C1FE2C42-5590-4202-ADC7-ECFF8FF404D7}.Debug|Any CPU.Build.0 = Debug|Any CPU
		{C1FE2C42-5590-4202-ADC7-ECFF8FF404D7}.NuGetRelease|Any CPU.ActiveCfg = Release|Any CPU
		{C1FE2C42-5590-4202-ADC7-ECFF8FF404D7}.NuGetRelease|Any CPU.Build.0 = Release|Any CPU
		{C1FE2C42-5590-4202-ADC7-ECFF8FF404D7}.Release|Any CPU.ActiveCfg = Release|Any CPU
		{C1FE2C42-5590-4202-ADC7-ECFF8FF404D7}.Release|Any CPU.Build.0 = Release|Any CPU
		{9C7B2133-768B-4B3B-883B-9601B02100D6}.Debug|Any CPU.ActiveCfg = Debug|Any CPU
		{9C7B2133-768B-4B3B-883B-9601B02100D6}.Debug|Any CPU.Build.0 = Debug|Any CPU
		{9C7B2133-768B-4B3B-883B-9601B02100D6}.NuGetRelease|Any CPU.ActiveCfg = NuGetRelease|Any CPU
		{9C7B2133-768B-4B3B-883B-9601B02100D6}.NuGetRelease|Any CPU.Build.0 = NuGetRelease|Any CPU
		{9C7B2133-768B-4B3B-883B-9601B02100D6}.Release|Any CPU.ActiveCfg = Release|Any CPU
		{9C7B2133-768B-4B3B-883B-9601B02100D6}.Release|Any CPU.Build.0 = Release|Any CPU
	EndGlobalSection
	GlobalSection(SolutionProperties) = preSolution
		HideSolutionNode = FALSE
	EndGlobalSection
	GlobalSection(ExtensibilityGlobals) = postSolution
		SolutionGuid = {0FF4FE94-A34C-4EAF-B1B7-21DC195B7200}
	EndGlobalSection
EndGlobal
