
Microsoft Visual Studio Solution File, Format Version 12.00
# Visual Studio 14
VisualStudioVersion = 14.0.25420.1
MinimumVisualStudioVersion = 10.0.40219.1
Project("{FAE04EC0-301F-11D3-BF4B-00C04F79EFBC}") = "MonoGame.Forms", "MonoGame.Forms\MonoGame.Forms.csproj", "{C1FE2C42-5590-4202-ADC7-ECFF8FF404D7}"
EndProject
Project("{FAE04EC0-301F-11D3-BF4B-00C04F79EFBC}") = "MonoGame.Forms.Tests", "MonoGame.Forms.Tests\MonoGame.Forms.Tests.csproj", "{9C7B2133-768B-4B3B-883B-9601B02100D6}"
EndProject
Global
	GlobalSection(SolutionConfigurationPlatforms) = preSolution
		Debug|Any CPU = Debug|Any CPU
		Release|Any CPU = Release|Any CPU
	EndGlobalSection
	GlobalSection(ProjectConfigurationPlatforms) = postSolution
		{C1FE2C42-5590-4202-ADC7-ECFF8FF404D7}.Debug|Any CPU.ActiveCfg = Debug|Any CPU
		{C1FE2C42-5590-4202-ADC7-ECFF8FF404D7}.Debug|Any CPU.Build.0 = Debug|Any CPU
		{C1FE2C42-5590-4202-ADC7-ECFF8FF404D7}.Release|Any CPU.ActiveCfg = Release|Any CPU
		{C1FE2C42-5590-4202-ADC7-ECFF8FF404D7}.Release|Any CPU.Build.0 = Release|Any CPU
		{9C7B2133-768B-4B3B-883B-9601B02100D6}.Debug|Any CPU.ActiveCfg = Debug|Any CPU
		{9C7B2133-768B-4B3B-883B-9601B02100D6}.Debug|Any CPU.Build.0 = Debug|Any CPU
		{9C7B2133-768B-4B3B-883B-9601B02100D6}.Release|Any CPU.ActiveCfg = Release|Any CPU
		{9C7B2133-768B-4B3B-883B-9601B02100D6}.Release|Any CPU.Build.0 = Release|Any CPU
	EndGlobalSection
	GlobalSection(SolutionProperties) = preSolution
		HideSolutionNode = FALSE
	EndGlobalSection
EndGlobal
