
Microsoft Visual Studio Solution File, Format Version 12.00
# Visual Studio Version 16
VisualStudioVersion = 16.0.31321.278
MinimumVisualStudioVersion = 10.0.40219.1
Project("{FAE04EC0-301F-11D3-BF4B-00C04F79EFBC}") = "MonoGame.Forms.DX", "MonoGame.Forms.DX\MonoGame.Forms.DX.csproj", "{C1FE2C42-5590-4202-ADC7-ECFF8FF404D7}"
EndProject
Project("{FAE04EC0-301F-11D3-BF4B-00C04F79EFBC}") = "MonoGame.Forms.Tests.DX", "MonoGame.Forms.Tests.DX\MonoGame.Forms.Tests.DX.csproj", "{9C7B2133-768B-4B3B-883B-9601B02100D6}"
EndProject
Project("{9A19103F-16F7-4668-BE54-9A1E7A4F7556}") = "MonoGame.Forms.GL", "MonoGame.Forms.GL\MonoGame.Forms.GL.csproj", "{794ECA96-6B4E-4445-928E-1A4FCAB8B95B}"
EndProject
Project("{9A19103F-16F7-4668-BE54-9A1E7A4F7556}") = "MonoGame.Forms.Tests.GL", "MonoGame.Forms.Tests.GL\MonoGame.Forms.Tests.GL.csproj", "{F094D35F-8716-4D73-B30F-5C8BBE45AD94}"
EndProject
Project("{FAE04EC0-301F-11D3-BF4B-00C04F79EFBC}") = "MonoGame.Forms.DX.Content.Builder", "MonoGame.Forms.DX\MonoGame.Forms.DX.Content.Builder.csproj", "{CC1EC208-6F45-4C77-A841-55C41262B156}"
	ProjectSection(ProjectDependencies) = postProject
		{C1FE2C42-5590-4202-ADC7-ECFF8FF404D7} = {C1FE2C42-5590-4202-ADC7-ECFF8FF404D7}
	EndProjectSection
EndProject
Project("{FAE04EC0-301F-11D3-BF4B-00C04F79EFBC}") = "MonoGame.Forms.GL.Content.Builder", "MonoGame.Forms.GL\MonoGame.Forms.GL.Content.Builder.csproj", "{9BF4898C-DA02-44A4-B128-D95BD13A567E}"
	ProjectSection(ProjectDependencies) = postProject
		{794ECA96-6B4E-4445-928E-1A4FCAB8B95B} = {794ECA96-6B4E-4445-928E-1A4FCAB8B95B}
	EndProjectSection
EndProject
Global
	GlobalSection(SolutionConfigurationPlatforms) = preSolution
		Debug|Any CPU = Debug|Any CPU
		DX_Debug|Any CPU = DX_Debug|Any CPU
		DX_Release|Any CPU = DX_Release|Any CPU
		GL_Debug|Any CPU = GL_Debug|Any CPU
		GL_Release|Any CPU = GL_Release|Any CPU
		Release|Any CPU = Release|Any CPU
	EndGlobalSection
	GlobalSection(ProjectConfigurationPlatforms) = postSolution
		{C1FE2C42-5590-4202-ADC7-ECFF8FF404D7}.Debug|Any CPU.ActiveCfg = Debug|Any CPU
		{C1FE2C42-5590-4202-ADC7-ECFF8FF404D7}.Debug|Any CPU.Build.0 = Debug|Any CPU
		{C1FE2C42-5590-4202-ADC7-ECFF8FF404D7}.DX_Debug|Any CPU.ActiveCfg = DX_Debug|Any CPU
		{C1FE2C42-5590-4202-ADC7-ECFF8FF404D7}.DX_Debug|Any CPU.Build.0 = DX_Debug|Any CPU
		{C1FE2C42-5590-4202-ADC7-ECFF8FF404D7}.DX_Release|Any CPU.ActiveCfg = DX_Release|Any CPU
		{C1FE2C42-5590-4202-ADC7-ECFF8FF404D7}.DX_Release|Any CPU.Build.0 = DX_Release|Any CPU
		{C1FE2C42-5590-4202-ADC7-ECFF8FF404D7}.GL_Debug|Any CPU.ActiveCfg = GL_Debug|Any CPU
		{C1FE2C42-5590-4202-ADC7-ECFF8FF404D7}.GL_Debug|Any CPU.Build.0 = GL_Debug|Any CPU
		{C1FE2C42-5590-4202-ADC7-ECFF8FF404D7}.GL_Release|Any CPU.ActiveCfg = GL_Release|Any CPU
		{C1FE2C42-5590-4202-ADC7-ECFF8FF404D7}.GL_Release|Any CPU.Build.0 = GL_Release|Any CPU
		{C1FE2C42-5590-4202-ADC7-ECFF8FF404D7}.Release|Any CPU.ActiveCfg = Release|Any CPU
		{C1FE2C42-5590-4202-ADC7-ECFF8FF404D7}.Release|Any CPU.Build.0 = Release|Any CPU
		{9C7B2133-768B-4B3B-883B-9601B02100D6}.Debug|Any CPU.ActiveCfg = Debug|Any CPU
		{9C7B2133-768B-4B3B-883B-9601B02100D6}.Debug|Any CPU.Build.0 = Debug|Any CPU
		{9C7B2133-768B-4B3B-883B-9601B02100D6}.DX_Debug|Any CPU.ActiveCfg = DX_Debug|Any CPU
		{9C7B2133-768B-4B3B-883B-9601B02100D6}.DX_Debug|Any CPU.Build.0 = DX_Debug|Any CPU
		{9C7B2133-768B-4B3B-883B-9601B02100D6}.DX_Release|Any CPU.ActiveCfg = DX_Release|Any CPU
		{9C7B2133-768B-4B3B-883B-9601B02100D6}.DX_Release|Any CPU.Build.0 = DX_Release|Any CPU
		{9C7B2133-768B-4B3B-883B-9601B02100D6}.GL_Debug|Any CPU.ActiveCfg = GL_Debug|Any CPU
		{9C7B2133-768B-4B3B-883B-9601B02100D6}.GL_Debug|Any CPU.Build.0 = GL_Debug|Any CPU
		{9C7B2133-768B-4B3B-883B-9601B02100D6}.GL_Release|Any CPU.ActiveCfg = GL_Release|Any CPU
		{9C7B2133-768B-4B3B-883B-9601B02100D6}.GL_Release|Any CPU.Build.0 = GL_Release|Any CPU
		{9C7B2133-768B-4B3B-883B-9601B02100D6}.Release|Any CPU.ActiveCfg = Release|Any CPU
		{9C7B2133-768B-4B3B-883B-9601B02100D6}.Release|Any CPU.Build.0 = Release|Any CPU
		{794ECA96-6B4E-4445-928E-1A4FCAB8B95B}.Debug|Any CPU.ActiveCfg = Debug|Any CPU
		{794ECA96-6B4E-4445-928E-1A4FCAB8B95B}.Debug|Any CPU.Build.0 = Debug|Any CPU
		{794ECA96-6B4E-4445-928E-1A4FCAB8B95B}.DX_Debug|Any CPU.ActiveCfg = DX_Debug|Any CPU
		{794ECA96-6B4E-4445-928E-1A4FCAB8B95B}.DX_Debug|Any CPU.Build.0 = DX_Debug|Any CPU
		{794ECA96-6B4E-4445-928E-1A4FCAB8B95B}.DX_Release|Any CPU.ActiveCfg = DX_Release|Any CPU
		{794ECA96-6B4E-4445-928E-1A4FCAB8B95B}.DX_Release|Any CPU.Build.0 = DX_Release|Any CPU
		{794ECA96-6B4E-4445-928E-1A4FCAB8B95B}.GL_Debug|Any CPU.ActiveCfg = GL_Debug|Any CPU
		{794ECA96-6B4E-4445-928E-1A4FCAB8B95B}.GL_Debug|Any CPU.Build.0 = GL_Debug|Any CPU
		{794ECA96-6B4E-4445-928E-1A4FCAB8B95B}.GL_Release|Any CPU.ActiveCfg = GL_Release|Any CPU
		{794ECA96-6B4E-4445-928E-1A4FCAB8B95B}.GL_Release|Any CPU.Build.0 = GL_Release|Any CPU
		{794ECA96-6B4E-4445-928E-1A4FCAB8B95B}.Release|Any CPU.ActiveCfg = Release|Any CPU
		{794ECA96-6B4E-4445-928E-1A4FCAB8B95B}.Release|Any CPU.Build.0 = Release|Any CPU
		{F094D35F-8716-4D73-B30F-5C8BBE45AD94}.Debug|Any CPU.ActiveCfg = Debug|Any CPU
		{F094D35F-8716-4D73-B30F-5C8BBE45AD94}.Debug|Any CPU.Build.0 = Debug|Any CPU
		{F094D35F-8716-4D73-B30F-5C8BBE45AD94}.DX_Debug|Any CPU.ActiveCfg = Debug|Any CPU
		{F094D35F-8716-4D73-B30F-5C8BBE45AD94}.DX_Debug|Any CPU.Build.0 = Debug|Any CPU
		{F094D35F-8716-4D73-B30F-5C8BBE45AD94}.DX_Release|Any CPU.ActiveCfg = Release|Any CPU
		{F094D35F-8716-4D73-B30F-5C8BBE45AD94}.DX_Release|Any CPU.Build.0 = Release|Any CPU
		{F094D35F-8716-4D73-B30F-5C8BBE45AD94}.GL_Debug|Any CPU.ActiveCfg = Debug|Any CPU
		{F094D35F-8716-4D73-B30F-5C8BBE45AD94}.GL_Debug|Any CPU.Build.0 = Debug|Any CPU
		{F094D35F-8716-4D73-B30F-5C8BBE45AD94}.GL_Release|Any CPU.ActiveCfg = Release|Any CPU
		{F094D35F-8716-4D73-B30F-5C8BBE45AD94}.GL_Release|Any CPU.Build.0 = Release|Any CPU
		{F094D35F-8716-4D73-B30F-5C8BBE45AD94}.Release|Any CPU.ActiveCfg = Release|Any CPU
		{F094D35F-8716-4D73-B30F-5C8BBE45AD94}.Release|Any CPU.Build.0 = Release|Any CPU
		{CC1EC208-6F45-4C77-A841-55C41262B156}.Debug|Any CPU.ActiveCfg = Debug|Any CPU
		{CC1EC208-6F45-4C77-A841-55C41262B156}.Debug|Any CPU.Build.0 = Debug|Any CPU
		{CC1EC208-6F45-4C77-A841-55C41262B156}.DX_Debug|Any CPU.ActiveCfg = DX_Debug|Any CPU
		{CC1EC208-6F45-4C77-A841-55C41262B156}.DX_Debug|Any CPU.Build.0 = DX_Debug|Any CPU
		{CC1EC208-6F45-4C77-A841-55C41262B156}.DX_Release|Any CPU.ActiveCfg = DX_Release|Any CPU
		{CC1EC208-6F45-4C77-A841-55C41262B156}.DX_Release|Any CPU.Build.0 = DX_Release|Any CPU
		{CC1EC208-6F45-4C77-A841-55C41262B156}.GL_Debug|Any CPU.ActiveCfg = GL_Debug|Any CPU
		{CC1EC208-6F45-4C77-A841-55C41262B156}.GL_Debug|Any CPU.Build.0 = GL_Debug|Any CPU
		{CC1EC208-6F45-4C77-A841-55C41262B156}.GL_Release|Any CPU.ActiveCfg = GL_Release|Any CPU
		{CC1EC208-6F45-4C77-A841-55C41262B156}.GL_Release|Any CPU.Build.0 = GL_Release|Any CPU
		{CC1EC208-6F45-4C77-A841-55C41262B156}.Release|Any CPU.ActiveCfg = Release|Any CPU
		{CC1EC208-6F45-4C77-A841-55C41262B156}.Release|Any CPU.Build.0 = Release|Any CPU
		{9BF4898C-DA02-44A4-B128-D95BD13A567E}.Debug|Any CPU.ActiveCfg = Debug|Any CPU
		{9BF4898C-DA02-44A4-B128-D95BD13A567E}.Debug|Any CPU.Build.0 = Debug|Any CPU
		{9BF4898C-DA02-44A4-B128-D95BD13A567E}.DX_Debug|Any CPU.ActiveCfg = DX_Debug|Any CPU
		{9BF4898C-DA02-44A4-B128-D95BD13A567E}.DX_Debug|Any CPU.Build.0 = DX_Debug|Any CPU
		{9BF4898C-DA02-44A4-B128-D95BD13A567E}.DX_Release|Any CPU.ActiveCfg = DX_Release|Any CPU
		{9BF4898C-DA02-44A4-B128-D95BD13A567E}.DX_Release|Any CPU.Build.0 = DX_Release|Any CPU
		{9BF4898C-DA02-44A4-B128-D95BD13A567E}.GL_Debug|Any CPU.ActiveCfg = GL_Debug|Any CPU
		{9BF4898C-DA02-44A4-B128-D95BD13A567E}.GL_Debug|Any CPU.Build.0 = GL_Debug|Any CPU
		{9BF4898C-DA02-44A4-B128-D95BD13A567E}.GL_Release|Any CPU.ActiveCfg = GL_Release|Any CPU
		{9BF4898C-DA02-44A4-B128-D95BD13A567E}.GL_Release|Any CPU.Build.0 = GL_Release|Any CPU
		{9BF4898C-DA02-44A4-B128-D95BD13A567E}.Release|Any CPU.ActiveCfg = Release|Any CPU
		{9BF4898C-DA02-44A4-B128-D95BD13A567E}.Release|Any CPU.Build.0 = Release|Any CPU
	EndGlobalSection
	GlobalSection(SolutionProperties) = preSolution
		HideSolutionNode = FALSE
	EndGlobalSection
	GlobalSection(ExtensibilityGlobals) = postSolution
		SolutionGuid = {6BE04C71-AA0A-44E6-8C9B-E266BF7A8251}
	EndGlobalSection
EndGlobal
